
Microsoft Visual Studio Solution File, Format Version 12.00
# Visual Studio 14
VisualStudioVersion = 14.0.23107.0
MinimumVisualStudioVersion = 10.0.40219.1
Project("{2150E333-8FDC-42A3-9474-1A3956D46DE8}") = "1 - Presentation", "1 - Presentation", "{8492DB89-136A-4804-9A5A-2F198E53DA2B}"
EndProject
Project("{2150E333-8FDC-42A3-9474-1A3956D46DE8}") = "4 - Domain", "4 - Domain", "{356695DC-58DD-4B0E-AB47-16EB34874538}"
EndProject
Project("{FAE04EC0-301F-11D3-BF4B-00C04F79EFBC}") = "GADS2014M06InfnetGrid04.Domain", "GADS2014M06InfnetGrid04.Domain\GADS2014M06InfnetGrid04.Domain.csproj", "{F1FA73FF-F9BA-494E-A9DB-846332550E2D}"
EndProject
Project("{FAE04EC0-301F-11D3-BF4B-00C04F79EFBC}") = "GADS2014M06InfnetGrid04.Presentation.ConsoleApp", "GADS2014M06InfnetGrid04.Presentation.ConsoleApp\GADS2014M06InfnetGrid04.Presentation.ConsoleApp.csproj", "{5771023B-BA72-490D-BA37-19215819AC47}"
EndProject
Project("{2150E333-8FDC-42A3-9474-1A3956D46DE8}") = "Aula 05", "Aula 05", "{0F228DC3-18B8-4A65-B891-A13A8F7132B6}"
EndProject
Project("{2150E333-8FDC-42A3-9474-1A3956D46DE8}") = "Aula 06", "Aula 06", "{2D9E9E5D-D03F-4307-82FF-9FB84ED6544D}"
EndProject
Project("{2150E333-8FDC-42A3-9474-1A3956D46DE8}") = "Aula 07", "Aula 07", "{33A7F6BF-A5C6-4455-A532-5E54F87B186B}"
EndProject
Project("{2150E333-8FDC-42A3-9474-1A3956D46DE8}") = "Aula 08", "Aula 08", "{5E0D5435-451F-4F40-BA12-3BF6D7A19CE1}"
EndProject
Project("{2150E333-8FDC-42A3-9474-1A3956D46DE8}") = "4 - Domain", "4 - Domain", "{81ED7E10-4654-40D3-9F41-8C41E41856D6}"
EndProject
Project("{2150E333-8FDC-42A3-9474-1A3956D46DE8}") = "1 - Presentation", "1 - Presentation", "{5FB80F43-B35C-4BC9-8241-AEAE824495D3}"
EndProject
Project("{FAE04EC0-301F-11D3-BF4B-00C04F79EFBC}") = "GADS2014M06InfnetGrid04.Aula07.Domain", "GADS2014M06InfnetGrid04.Aula07.Domain\GADS2014M06InfnetGrid04.Aula07.Domain.csproj", "{3E241672-1D59-4AE8-83EC-35997EC15768}"
EndProject
Project("{FAE04EC0-301F-11D3-BF4B-00C04F79EFBC}") = "GADS2014M06InfnetGrid04.Aula07.Presentation.ConsoleApp", "GADS2014M06InfnetGrid04.Aula07.Presentation.ConsoleApp\GADS2014M06InfnetGrid04.Aula07.Presentation.ConsoleApp.csproj", "{1954F162-E696-442F-B59B-3000011569A3}"
EndProject
Global
	GlobalSection(SolutionConfigurationPlatforms) = preSolution
		Debug|Any CPU = Debug|Any CPU
		Release|Any CPU = Release|Any CPU
	EndGlobalSection
	GlobalSection(ProjectConfigurationPlatforms) = postSolution
		{F1FA73FF-F9BA-494E-A9DB-846332550E2D}.Debug|Any CPU.ActiveCfg = Debug|Any CPU
		{F1FA73FF-F9BA-494E-A9DB-846332550E2D}.Debug|Any CPU.Build.0 = Debug|Any CPU
		{F1FA73FF-F9BA-494E-A9DB-846332550E2D}.Release|Any CPU.ActiveCfg = Release|Any CPU
		{F1FA73FF-F9BA-494E-A9DB-846332550E2D}.Release|Any CPU.Build.0 = Release|Any CPU
		{5771023B-BA72-490D-BA37-19215819AC47}.Debug|Any CPU.ActiveCfg = Debug|Any CPU
		{5771023B-BA72-490D-BA37-19215819AC47}.Debug|Any CPU.Build.0 = Debug|Any CPU
		{5771023B-BA72-490D-BA37-19215819AC47}.Release|Any CPU.ActiveCfg = Release|Any CPU
		{5771023B-BA72-490D-BA37-19215819AC47}.Release|Any CPU.Build.0 = Release|Any CPU
		{3E241672-1D59-4AE8-83EC-35997EC15768}.Debug|Any CPU.ActiveCfg = Debug|Any CPU
		{3E241672-1D59-4AE8-83EC-35997EC15768}.Debug|Any CPU.Build.0 = Debug|Any CPU
		{3E241672-1D59-4AE8-83EC-35997EC15768}.Release|Any CPU.ActiveCfg = Release|Any CPU
		{3E241672-1D59-4AE8-83EC-35997EC15768}.Release|Any CPU.Build.0 = Release|Any CPU
		{1954F162-E696-442F-B59B-3000011569A3}.Debug|Any CPU.ActiveCfg = Debug|Any CPU
		{1954F162-E696-442F-B59B-3000011569A3}.Debug|Any CPU.Build.0 = Debug|Any CPU
		{1954F162-E696-442F-B59B-3000011569A3}.Release|Any CPU.ActiveCfg = Release|Any CPU
		{1954F162-E696-442F-B59B-3000011569A3}.Release|Any CPU.Build.0 = Release|Any CPU
	EndGlobalSection
	GlobalSection(SolutionProperties) = preSolution
		HideSolutionNode = FALSE
	EndGlobalSection
	GlobalSection(NestedProjects) = preSolution
		{8492DB89-136A-4804-9A5A-2F198E53DA2B} = {0F228DC3-18B8-4A65-B891-A13A8F7132B6}
		{356695DC-58DD-4B0E-AB47-16EB34874538} = {0F228DC3-18B8-4A65-B891-A13A8F7132B6}
		{F1FA73FF-F9BA-494E-A9DB-846332550E2D} = {356695DC-58DD-4B0E-AB47-16EB34874538}
		{5771023B-BA72-490D-BA37-19215819AC47} = {8492DB89-136A-4804-9A5A-2F198E53DA2B}
		{81ED7E10-4654-40D3-9F41-8C41E41856D6} = {33A7F6BF-A5C6-4455-A532-5E54F87B186B}
		{5FB80F43-B35C-4BC9-8241-AEAE824495D3} = {33A7F6BF-A5C6-4455-A532-5E54F87B186B}
		{3E241672-1D59-4AE8-83EC-35997EC15768} = {81ED7E10-4654-40D3-9F41-8C41E41856D6}
		{1954F162-E696-442F-B59B-3000011569A3} = {5FB80F43-B35C-4BC9-8241-AEAE824495D3}
	EndGlobalSection
EndGlobal
